
Microsoft Visual Studio Solution File, Format Version 12.00
# Visual Studio Version 17
VisualStudioVersion = 17.10.35122.118
MinimumVisualStudioVersion = 10.0.40219.1
Project("{FAE04EC0-301F-11D3-BF4B-00C04F79EFBC}") = "Order.API", "Order.API\Order.API.csproj", "{3B882000-F20F-4B9D-938C-721A819EEA8A}"
EndProject
Project("{FAE04EC0-301F-11D3-BF4B-00C04F79EFBC}") = "Stock.API", "Stock.API\Stock.API.csproj", "{E7BB5E1C-84AE-44E4-B0A6-14F2DB7A78F7}"
EndProject
Project("{FAE04EC0-301F-11D3-BF4B-00C04F79EFBC}") = "Payment.API", "Payment.API\Payment.API.csproj", "{25AC5202-6873-428B-A140-70024AA8042D}"
EndProject
Project("{2150E333-8FDC-42A3-9474-1A3956D46DE8}") = "Solution Items", "Solution Items", "{0501D5B9-19C3-47D5-A0BF-9C272CBEB340}"
	ProjectSection(SolutionItems) = preProject
		Port.md = Port.md
	EndProjectSection
EndProject
Global
	GlobalSection(SolutionConfigurationPlatforms) = preSolution
		Debug|Any CPU = Debug|Any CPU
		Release|Any CPU = Release|Any CPU
	EndGlobalSection
	GlobalSection(ProjectConfigurationPlatforms) = postSolution
		{3B882000-F20F-4B9D-938C-721A819EEA8A}.Debug|Any CPU.ActiveCfg = Debug|Any CPU
		{3B882000-F20F-4B9D-938C-721A819EEA8A}.Debug|Any CPU.Build.0 = Debug|Any CPU
		{3B882000-F20F-4B9D-938C-721A819EEA8A}.Release|Any CPU.ActiveCfg = Release|Any CPU
		{3B882000-F20F-4B9D-938C-721A819EEA8A}.Release|Any CPU.Build.0 = Release|Any CPU
		{E7BB5E1C-84AE-44E4-B0A6-14F2DB7A78F7}.Debug|Any CPU.ActiveCfg = Debug|Any CPU
		{E7BB5E1C-84AE-44E4-B0A6-14F2DB7A78F7}.Debug|Any CPU.Build.0 = Debug|Any CPU
		{E7BB5E1C-84AE-44E4-B0A6-14F2DB7A78F7}.Release|Any CPU.ActiveCfg = Release|Any CPU
		{E7BB5E1C-84AE-44E4-B0A6-14F2DB7A78F7}.Release|Any CPU.Build.0 = Release|Any CPU
		{25AC5202-6873-428B-A140-70024AA8042D}.Debug|Any CPU.ActiveCfg = Debug|Any CPU
		{25AC5202-6873-428B-A140-70024AA8042D}.Debug|Any CPU.Build.0 = Debug|Any CPU
		{25AC5202-6873-428B-A140-70024AA8042D}.Release|Any CPU.ActiveCfg = Release|Any CPU
		{25AC5202-6873-428B-A140-70024AA8042D}.Release|Any CPU.Build.0 = Release|Any CPU
	EndGlobalSection
	GlobalSection(SolutionProperties) = preSolution
		HideSolutionNode = FALSE
	EndGlobalSection
	GlobalSection(ExtensibilityGlobals) = postSolution
		SolutionGuid = {3CBE6ED9-4A68-427B-AA2B-4A9EF42EE98F}
	EndGlobalSection
EndGlobal
